
Microsoft Visual Studio Solution File, Format Version 12.00
# Visual Studio Version 17
VisualStudioVersion = 17.14.36109.1 d17.14
MinimumVisualStudioVersion = 10.0.40219.1
Project("{8BC9CEB8-8B4A-11D0-8D11-00A0C91BC942}") = "07_2d_array", "07_2d_array\07_2d_array.vcxproj", "{8EAE5A06-0617-45C2-A3D0-F51B6D741842}"
EndProject
Global
	GlobalSection(SolutionConfigurationPlatforms) = preSolution
		Debug|x64 = Debug|x64
		Debug|x86 = Debug|x86
		Release|x64 = Release|x64
		Release|x86 = Release|x86
	EndGlobalSection
	GlobalSection(ProjectConfigurationPlatforms) = postSolution
		{8EAE5A06-0617-45C2-A3D0-F51B6D741842}.Debug|x64.ActiveCfg = Debug|x64
		{8EAE5A06-0617-45C2-A3D0-F51B6D741842}.Debug|x64.Build.0 = Debug|x64
		{8EAE5A06-0617-45C2-A3D0-F51B6D741842}.Debug|x86.ActiveCfg = Debug|Win32
		{8EAE5A06-0617-45C2-A3D0-F51B6D741842}.Debug|x86.Build.0 = Debug|Win32
		{8EAE5A06-0617-45C2-A3D0-F51B6D741842}.Release|x64.ActiveCfg = Release|x64
		{8EAE5A06-0617-45C2-A3D0-F51B6D741842}.Release|x64.Build.0 = Release|x64
		{8EAE5A06-0617-45C2-A3D0-F51B6D741842}.Release|x86.ActiveCfg = Release|Win32
		{8EAE5A06-0617-45C2-A3D0-F51B6D741842}.Release|x86.Build.0 = Release|Win32
	EndGlobalSection
	GlobalSection(SolutionProperties) = preSolution
		HideSolutionNode = FALSE
	EndGlobalSection
	GlobalSection(ExtensibilityGlobals) = postSolution
		SolutionGuid = {C0EA2575-1EC1-48F9-A8B3-364B376CECA4}
	EndGlobalSection
EndGlobal
